// !$*UTF8*$!
{
	archiveVersion = 1;
	classes = {
	};
	objectVersion = 50;
	objects = {

/* Begin PBXBuildFile section */
		0A122E9E245B580800295B3E /* CountryList.swift in Sources */ = {isa = PBXBuildFile; fileRef = 0A122E9D245B580800295B3E /* CountryList.swift */; };
		0A122EDE245B67C500295B3E /* CasesLookupViewModel.swift in Sources */ = {isa = PBXBuildFile; fileRef = 0A122EDD245B67C500295B3E /* CasesLookupViewModel.swift */; };
		0A4710CE245C939C00E16478 /* ListOfCountries.swift in Sources */ = {isa = PBXBuildFile; fileRef = 0A4710CD245C939C00E16478 /* ListOfCountries.swift */; };
		0A4710D0245C946700E16478 /* ErrorView.swift in Sources */ = {isa = PBXBuildFile; fileRef = 0A4710CF245C946700E16478 /* ErrorView.swift */; };
		0A4710D2245C94DB00E16478 /* LoadingView.swift in Sources */ = {isa = PBXBuildFile; fileRef = 0A4710D1245C94DB00E16478 /* LoadingView.swift */; };
		0A4710D6245CDEF300E16478 /* SceneDelegate.swift in Sources */ = {isa = PBXBuildFile; fileRef = 0A4710D5245CDEF300E16478 /* SceneDelegate.swift */; };
		0AFB9CDD2456E13000B9C1F0 /* AppDelegate.swift in Sources */ = {isa = PBXBuildFile; fileRef = 0AFB9CDC2456E13000B9C1F0 /* AppDelegate.swift */; };
		0AFB9CE62456E13200B9C1F0 /* Assets.xcassets in Resources */ = {isa = PBXBuildFile; fileRef = 0AFB9CE52456E13200B9C1F0 /* Assets.xcassets */; };
		0AFB9CE92456E13200B9C1F0 /* LaunchScreen.storyboard in Resources */ = {isa = PBXBuildFile; fileRef = 0AFB9CE72456E13200B9C1F0 /* LaunchScreen.storyboard */; };
		0AFB9CF42456E13300B9C1F0 /* Covid_19_Cases_LookupTests.swift in Sources */ = {isa = PBXBuildFile; fileRef = 0AFB9CF32456E13300B9C1F0 /* Covid_19_Cases_LookupTests.swift */; };
		0AFB9CFF2456E13300B9C1F0 /* Covid_19_Cases_LookupUITests.swift in Sources */ = {isa = PBXBuildFile; fileRef = 0AFB9CFE2456E13300B9C1F0 /* Covid_19_Cases_LookupUITests.swift */; };
		0AFB9D13245772DD00B9C1F0 /* CasesLookupRepository.swift in Sources */ = {isa = PBXBuildFile; fileRef = 0AFB9D12245772DD00B9C1F0 /* CasesLookupRepository.swift */; };
		0AFB9D152457753F00B9C1F0 /* CasesLookupRepositoryImpl.swift in Sources */ = {isa = PBXBuildFile; fileRef = 0AFB9D142457753F00B9C1F0 /* CasesLookupRepositoryImpl.swift */; };
		0AFB9D172457867300B9C1F0 /* Country.swift in Sources */ = {isa = PBXBuildFile; fileRef = 0AFB9D162457867300B9C1F0 /* Country.swift */; };
		0AFB9D192457950E00B9C1F0 /* CountriesDataSource.swift in Sources */ = {isa = PBXBuildFile; fileRef = 0AFB9D182457950E00B9C1F0 /* CountriesDataSource.swift */; };
/* End PBXBuildFile section */

/* Begin PBXContainerItemProxy section */
		0AFB9CF02456E13300B9C1F0 /* PBXContainerItemProxy */ = {
			isa = PBXContainerItemProxy;
			containerPortal = 0AFB9CD12456E13000B9C1F0 /* Project object */;
			proxyType = 1;
			remoteGlobalIDString = 0AFB9CD82456E13000B9C1F0;
			remoteInfo = "Covid 19 Cases Lookup";
		};
		0AFB9CFB2456E13300B9C1F0 /* PBXContainerItemProxy */ = {
			isa = PBXContainerItemProxy;
			containerPortal = 0AFB9CD12456E13000B9C1F0 /* Project object */;
			proxyType = 1;
			remoteGlobalIDString = 0AFB9CD82456E13000B9C1F0;
			remoteInfo = "Covid 19 Cases Lookup";
		};
/* End PBXContainerItemProxy section */

/* Begin PBXFileReference section */
		0A122E9D245B580800295B3E /* CountryList.swift */ = {isa = PBXFileReference; lastKnownFileType = sourcecode.swift; path = CountryList.swift; sourceTree = "<group>"; };
		0A122EDD245B67C500295B3E /* CasesLookupViewModel.swift */ = {isa = PBXFileReference; lastKnownFileType = sourcecode.swift; path = CasesLookupViewModel.swift; sourceTree = "<group>"; };
		0A4710CD245C939C00E16478 /* ListOfCountries.swift */ = {isa = PBXFileReference; lastKnownFileType = sourcecode.swift; path = ListOfCountries.swift; sourceTree = "<group>"; };
		0A4710CF245C946700E16478 /* ErrorView.swift */ = {isa = PBXFileReference; lastKnownFileType = sourcecode.swift; path = ErrorView.swift; sourceTree = "<group>"; };
		0A4710D1245C94DB00E16478 /* LoadingView.swift */ = {isa = PBXFileReference; lastKnownFileType = sourcecode.swift; path = LoadingView.swift; sourceTree = "<group>"; };
		0A4710D5245CDEF300E16478 /* SceneDelegate.swift */ = {isa = PBXFileReference; fileEncoding = 4; lastKnownFileType = sourcecode.swift; path = SceneDelegate.swift; sourceTree = "<group>"; };
		0AFB9CD92456E13000B9C1F0 /* Covid 19 Cases Lookup.app */ = {isa = PBXFileReference; explicitFileType = wrapper.application; includeInIndex = 0; path = "Covid 19 Cases Lookup.app"; sourceTree = BUILT_PRODUCTS_DIR; };
		0AFB9CDC2456E13000B9C1F0 /* AppDelegate.swift */ = {isa = PBXFileReference; lastKnownFileType = sourcecode.swift; path = AppDelegate.swift; sourceTree = "<group>"; };
		0AFB9CE52456E13200B9C1F0 /* Assets.xcassets */ = {isa = PBXFileReference; lastKnownFileType = folder.assetcatalog; path = Assets.xcassets; sourceTree = "<group>"; };
		0AFB9CE82456E13200B9C1F0 /* Base */ = {isa = PBXFileReference; lastKnownFileType = file.storyboard; name = Base; path = Base.lproj/LaunchScreen.storyboard; sourceTree = "<group>"; };
		0AFB9CEA2456E13200B9C1F0 /* Info.plist */ = {isa = PBXFileReference; lastKnownFileType = text.plist.xml; path = Info.plist; sourceTree = "<group>"; };
		0AFB9CEF2456E13300B9C1F0 /* Covid 19 Cases LookupTests.xctest */ = {isa = PBXFileReference; explicitFileType = wrapper.cfbundle; includeInIndex = 0; path = "Covid 19 Cases LookupTests.xctest"; sourceTree = BUILT_PRODUCTS_DIR; };
		0AFB9CF32456E13300B9C1F0 /* Covid_19_Cases_LookupTests.swift */ = {isa = PBXFileReference; lastKnownFileType = sourcecode.swift; path = Covid_19_Cases_LookupTests.swift; sourceTree = "<group>"; };
		0AFB9CF52456E13300B9C1F0 /* Info.plist */ = {isa = PBXFileReference; lastKnownFileType = text.plist.xml; path = Info.plist; sourceTree = "<group>"; };
		0AFB9CFA2456E13300B9C1F0 /* Covid 19 Cases LookupUITests.xctest */ = {isa = PBXFileReference; explicitFileType = wrapper.cfbundle; includeInIndex = 0; path = "Covid 19 Cases LookupUITests.xctest"; sourceTree = BUILT_PRODUCTS_DIR; };
		0AFB9CFE2456E13300B9C1F0 /* Covid_19_Cases_LookupUITests.swift */ = {isa = PBXFileReference; lastKnownFileType = sourcecode.swift; path = Covid_19_Cases_LookupUITests.swift; sourceTree = "<group>"; };
		0AFB9D002456E13300B9C1F0 /* Info.plist */ = {isa = PBXFileReference; lastKnownFileType = text.plist.xml; path = Info.plist; sourceTree = "<group>"; };
		0AFB9D12245772DD00B9C1F0 /* CasesLookupRepository.swift */ = {isa = PBXFileReference; lastKnownFileType = sourcecode.swift; path = CasesLookupRepository.swift; sourceTree = "<group>"; };
		0AFB9D142457753F00B9C1F0 /* CasesLookupRepositoryImpl.swift */ = {isa = PBXFileReference; lastKnownFileType = sourcecode.swift; path = CasesLookupRepositoryImpl.swift; sourceTree = "<group>"; };
		0AFB9D162457867300B9C1F0 /* Country.swift */ = {isa = PBXFileReference; lastKnownFileType = sourcecode.swift; path = Country.swift; sourceTree = "<group>"; };
		0AFB9D182457950E00B9C1F0 /* CountriesDataSource.swift */ = {isa = PBXFileReference; lastKnownFileType = sourcecode.swift; path = CountriesDataSource.swift; sourceTree = "<group>"; };
/* End PBXFileReference section */

/* Begin PBXFrameworksBuildPhase section */
		0AFB9CD62456E13000B9C1F0 /* Frameworks */ = {
			isa = PBXFrameworksBuildPhase;
			buildActionMask = 2147483647;
			files = (
			);
			runOnlyForDeploymentPostprocessing = 0;
		};
		0AFB9CEC2456E13300B9C1F0 /* Frameworks */ = {
			isa = PBXFrameworksBuildPhase;
			buildActionMask = 2147483647;
			files = (
			);
			runOnlyForDeploymentPostprocessing = 0;
		};
		0AFB9CF72456E13300B9C1F0 /* Frameworks */ = {
			isa = PBXFrameworksBuildPhase;
			buildActionMask = 2147483647;
			files = (
			);
			runOnlyForDeploymentPostprocessing = 0;
		};
/* End PBXFrameworksBuildPhase section */

/* Begin PBXGroup section */
		0AFB9CD02456E13000B9C1F0 = {
			isa = PBXGroup;
			children = (
				0AFB9CDB2456E13000B9C1F0 /* Covid 19 Cases Lookup */,
				0AFB9CF22456E13300B9C1F0 /* Covid 19 Cases LookupTests */,
				0AFB9CFD2456E13300B9C1F0 /* Covid 19 Cases LookupUITests */,
				0AFB9CDA2456E13000B9C1F0 /* Products */,
			);
			sourceTree = "<group>";
		};
		0AFB9CDA2456E13000B9C1F0 /* Products */ = {
			isa = PBXGroup;
			children = (
				0AFB9CD92456E13000B9C1F0 /* Covid 19 Cases Lookup.app */,
				0AFB9CEF2456E13300B9C1F0 /* Covid 19 Cases LookupTests.xctest */,
				0AFB9CFA2456E13300B9C1F0 /* Covid 19 Cases LookupUITests.xctest */,
			);
			name = Products;
			sourceTree = "<group>";
		};
		0AFB9CDB2456E13000B9C1F0 /* Covid 19 Cases Lookup */ = {
			isa = PBXGroup;
			children = (
				0AFB9CDC2456E13000B9C1F0 /* AppDelegate.swift */,
				0A4710D5245CDEF300E16478 /* SceneDelegate.swift */,
				0AFB9CE52456E13200B9C1F0 /* Assets.xcassets */,
				0AFB9CE72456E13200B9C1F0 /* LaunchScreen.storyboard */,
				0AFB9CEA2456E13200B9C1F0 /* Info.plist */,
				0AFB9D12245772DD00B9C1F0 /* CasesLookupRepository.swift */,
				0AFB9D142457753F00B9C1F0 /* CasesLookupRepositoryImpl.swift */,
				0AFB9D162457867300B9C1F0 /* Country.swift */,
				0AFB9D182457950E00B9C1F0 /* CountriesDataSource.swift */,
				0A122E9D245B580800295B3E /* CountryList.swift */,
				0A122EDD245B67C500295B3E /* CasesLookupViewModel.swift */,
				0A4710CD245C939C00E16478 /* ListOfCountries.swift */,
				0A4710CF245C946700E16478 /* ErrorView.swift */,
				0A4710D1245C94DB00E16478 /* LoadingView.swift */,
			);
			path = "Covid 19 Cases Lookup";
			sourceTree = "<group>";
		};
		0AFB9CF22456E13300B9C1F0 /* Covid 19 Cases LookupTests */ = {
			isa = PBXGroup;
			children = (
				0AFB9CF32456E13300B9C1F0 /* Covid_19_Cases_LookupTests.swift */,
				0AFB9CF52456E13300B9C1F0 /* Info.plist */,
			);
			path = "Covid 19 Cases LookupTests";
			sourceTree = "<group>";
		};
		0AFB9CFD2456E13300B9C1F0 /* Covid 19 Cases LookupUITests */ = {
			isa = PBXGroup;
			children = (
				0AFB9CFE2456E13300B9C1F0 /* Covid_19_Cases_LookupUITests.swift */,
				0AFB9D002456E13300B9C1F0 /* Info.plist */,
			);
			path = "Covid 19 Cases LookupUITests";
			sourceTree = "<group>";
		};
/* End PBXGroup section */

/* Begin PBXNativeTarget section */
		0AFB9CD82456E13000B9C1F0 /* Covid 19 Cases Lookup */ = {
			isa = PBXNativeTarget;
			buildConfigurationList = 0AFB9D032456E13300B9C1F0 /* Build configuration list for PBXNativeTarget "Covid 19 Cases Lookup" */;
			buildPhases = (
				0AFB9CD52456E13000B9C1F0 /* Sources */,
				0AFB9CD62456E13000B9C1F0 /* Frameworks */,
				0AFB9CD72456E13000B9C1F0 /* Resources */,
			);
			buildRules = (
			);
			dependencies = (
			);
			name = "Covid 19 Cases Lookup";
			productName = "Covid 19 Cases Lookup";
			productReference = 0AFB9CD92456E13000B9C1F0 /* Covid 19 Cases Lookup.app */;
			productType = "com.apple.product-type.application";
		};
		0AFB9CEE2456E13300B9C1F0 /* Covid 19 Cases LookupTests */ = {
			isa = PBXNativeTarget;
			buildConfigurationList = 0AFB9D062456E13300B9C1F0 /* Build configuration list for PBXNativeTarget "Covid 19 Cases LookupTests" */;
			buildPhases = (
				0AFB9CEB2456E13300B9C1F0 /* Sources */,
				0AFB9CEC2456E13300B9C1F0 /* Frameworks */,
				0AFB9CED2456E13300B9C1F0 /* Resources */,
			);
			buildRules = (
			);
			dependencies = (
				0AFB9CF12456E13300B9C1F0 /* PBXTargetDependency */,
			);
			name = "Covid 19 Cases LookupTests";
			productName = "Covid 19 Cases LookupTests";
			productReference = 0AFB9CEF2456E13300B9C1F0 /* Covid 19 Cases LookupTests.xctest */;
			productType = "com.apple.product-type.bundle.unit-test";
		};
		0AFB9CF92456E13300B9C1F0 /* Covid 19 Cases LookupUITests */ = {
			isa = PBXNativeTarget;
			buildConfigurationList = 0AFB9D092456E13300B9C1F0 /* Build configuration list for PBXNativeTarget "Covid 19 Cases LookupUITests" */;
			buildPhases = (
				0AFB9CF62456E13300B9C1F0 /* Sources */,
				0AFB9CF72456E13300B9C1F0 /* Frameworks */,
				0AFB9CF82456E13300B9C1F0 /* Resources */,
			);
			buildRules = (
			);
			dependencies = (
				0AFB9CFC2456E13300B9C1F0 /* PBXTargetDependency */,
			);
			name = "Covid 19 Cases LookupUITests";
			productName = "Covid 19 Cases LookupUITests";
			productReference = 0AFB9CFA2456E13300B9C1F0 /* Covid 19 Cases LookupUITests.xctest */;
			productType = "com.apple.product-type.bundle.ui-testing";
		};
/* End PBXNativeTarget section */

/* Begin PBXProject section */
		0AFB9CD12456E13000B9C1F0 /* Project object */ = {
			isa = PBXProject;
			attributes = {
				LastSwiftUpdateCheck = 1130;
				LastUpgradeCheck = 1130;
				ORGANIZATIONNAME = "Pavel Suvit";
				TargetAttributes = {
					0AFB9CD82456E13000B9C1F0 = {
						CreatedOnToolsVersion = 11.3.1;
					};
					0AFB9CEE2456E13300B9C1F0 = {
						CreatedOnToolsVersion = 11.3.1;
						TestTargetID = 0AFB9CD82456E13000B9C1F0;
					};
					0AFB9CF92456E13300B9C1F0 = {
						CreatedOnToolsVersion = 11.3.1;
						TestTargetID = 0AFB9CD82456E13000B9C1F0;
					};
				};
			};
			buildConfigurationList = 0AFB9CD42456E13000B9C1F0 /* Build configuration list for PBXProject "Covid 19 Cases Lookup" */;
			compatibilityVersion = "Xcode 9.3";
			developmentRegion = en;
			hasScannedForEncodings = 0;
			knownRegions = (
				en,
				Base,
			);
			mainGroup = 0AFB9CD02456E13000B9C1F0;
			productRefGroup = 0AFB9CDA2456E13000B9C1F0 /* Products */;
			projectDirPath = "";
			projectRoot = "";
			targets = (
				0AFB9CD82456E13000B9C1F0 /* Covid 19 Cases Lookup */,
				0AFB9CEE2456E13300B9C1F0 /* Covid 19 Cases LookupTests */,
				0AFB9CF92456E13300B9C1F0 /* Covid 19 Cases LookupUITests */,
			);
		};
/* End PBXProject section */

/* Begin PBXResourcesBuildPhase section */
		0AFB9CD72456E13000B9C1F0 /* Resources */ = {
			isa = PBXResourcesBuildPhase;
			buildActionMask = 2147483647;
			files = (
				0AFB9CE92456E13200B9C1F0 /* LaunchScreen.storyboard in Resources */,
				0AFB9CE62456E13200B9C1F0 /* Assets.xcassets in Resources */,
			);
			runOnlyForDeploymentPostprocessing = 0;
		};
		0AFB9CED2456E13300B9C1F0 /* Resources */ = {
			isa = PBXResourcesBuildPhase;
			buildActionMask = 2147483647;
			files = (
			);
			runOnlyForDeploymentPostprocessing = 0;
		};
		0AFB9CF82456E13300B9C1F0 /* Resources */ = {
			isa = PBXResourcesBuildPhase;
			buildActionMask = 2147483647;
			files = (
			);
			runOnlyForDeploymentPostprocessing = 0;
		};
/* End PBXResourcesBuildPhase section */

/* Begin PBXSourcesBuildPhase section */
		0AFB9CD52456E13000B9C1F0 /* Sources */ = {
			isa = PBXSourcesBuildPhase;
			buildActionMask = 2147483647;
			files = (
				0AFB9D172457867300B9C1F0 /* Country.swift in Sources */,
				0AFB9D152457753F00B9C1F0 /* CasesLookupRepositoryImpl.swift in Sources */,
				0A4710CE245C939C00E16478 /* ListOfCountries.swift in Sources */,
				0A4710D2245C94DB00E16478 /* LoadingView.swift in Sources */,
				0A122E9E245B580800295B3E /* CountryList.swift in Sources */,
				0A4710D0245C946700E16478 /* ErrorView.swift in Sources */,
				0AFB9CDD2456E13000B9C1F0 /* AppDelegate.swift in Sources */,
				0A4710D6245CDEF300E16478 /* SceneDelegate.swift in Sources */,
				0AFB9D192457950E00B9C1F0 /* CountriesDataSource.swift in Sources */,
				0A122EDE245B67C500295B3E /* CasesLookupViewModel.swift in Sources */,
				0AFB9D13245772DD00B9C1F0 /* CasesLookupRepository.swift in Sources */,
			);
			runOnlyForDeploymentPostprocessing = 0;
		};
		0AFB9CEB2456E13300B9C1F0 /* Sources */ = {
			isa = PBXSourcesBuildPhase;
			buildActionMask = 2147483647;
			files = (
				0AFB9CF42456E13300B9C1F0 /* Covid_19_Cases_LookupTests.swift in Sources */,
			);
			runOnlyForDeploymentPostprocessing = 0;
		};
		0AFB9CF62456E13300B9C1F0 /* Sources */ = {
			isa = PBXSourcesBuildPhase;
			buildActionMask = 2147483647;
			files = (
				0AFB9CFF2456E13300B9C1F0 /* Covid_19_Cases_LookupUITests.swift in Sources */,
			);
			runOnlyForDeploymentPostprocessing = 0;
		};
/* End PBXSourcesBuildPhase section */

/* Begin PBXTargetDependency section */
		0AFB9CF12456E13300B9C1F0 /* PBXTargetDependency */ = {
			isa = PBXTargetDependency;
			target = 0AFB9CD82456E13000B9C1F0 /* Covid 19 Cases Lookup */;
			targetProxy = 0AFB9CF02456E13300B9C1F0 /* PBXContainerItemProxy */;
		};
		0AFB9CFC2456E13300B9C1F0 /* PBXTargetDependency */ = {
			isa = PBXTargetDependency;
			target = 0AFB9CD82456E13000B9C1F0 /* Covid 19 Cases Lookup */;
			targetProxy = 0AFB9CFB2456E13300B9C1F0 /* PBXContainerItemProxy */;
		};
/* End PBXTargetDependency section */

/* Begin PBXVariantGroup section */
		0AFB9CE72456E13200B9C1F0 /* LaunchScreen.storyboard */ = {
			isa = PBXVariantGroup;
			children = (
				0AFB9CE82456E13200B9C1F0 /* Base */,
			);
			name = LaunchScreen.storyboard;
			sourceTree = "<group>";
		};
/* End PBXVariantGroup section */

/* Begin XCBuildConfiguration section */
		0AFB9D012456E13300B9C1F0 /* Debug */ = {
			isa = XCBuildConfiguration;
			buildSettings = {
				ALWAYS_SEARCH_USER_PATHS = NO;
				CLANG_ANALYZER_NONNULL = YES;
				CLANG_ANALYZER_NUMBER_OBJECT_CONVERSION = YES_AGGRESSIVE;
				CLANG_CXX_LANGUAGE_STANDARD = "gnu++14";
				CLANG_CXX_LIBRARY = "libc++";
				CLANG_ENABLE_MODULES = YES;
				CLANG_ENABLE_OBJC_ARC = YES;
				CLANG_ENABLE_OBJC_WEAK = YES;
				CLANG_WARN_BLOCK_CAPTURE_AUTORELEASING = YES;
				CLANG_WARN_BOOL_CONVERSION = YES;
				CLANG_WARN_COMMA = YES;
				CLANG_WARN_CONSTANT_CONVERSION = YES;
				CLANG_WARN_DEPRECATED_OBJC_IMPLEMENTATIONS = YES;
				CLANG_WARN_DIRECT_OBJC_ISA_USAGE = YES_ERROR;
				CLANG_WARN_DOCUMENTATION_COMMENTS = YES;
				CLANG_WARN_EMPTY_BODY = YES;
				CLANG_WARN_ENUM_CONVERSION = YES;
				CLANG_WARN_INFINITE_RECURSION = YES;
				CLANG_WARN_INT_CONVERSION = YES;
				CLANG_WARN_NON_LITERAL_NULL_CONVERSION = YES;
				CLANG_WARN_OBJC_IMPLICIT_RETAIN_SELF = YES;
				CLANG_WARN_OBJC_LITERAL_CONVERSION = YES;
				CLANG_WARN_OBJC_ROOT_CLASS = YES_ERROR;
				CLANG_WARN_RANGE_LOOP_ANALYSIS = YES;
				CLANG_WARN_STRICT_PROTOTYPES = YES;
				CLANG_WARN_SUSPICIOUS_MOVE = YES;
				CLANG_WARN_UNGUARDED_AVAILABILITY = YES_AGGRESSIVE;
				CLANG_WARN_UNREACHABLE_CODE = YES;
				CLANG_WARN__DUPLICATE_METHOD_MATCH = YES;
				COPY_PHASE_STRIP = NO;
				DEBUG_INFORMATION_FORMAT = dwarf;
				ENABLE_STRICT_OBJC_MSGSEND = YES;
				ENABLE_TESTABILITY = YES;
				GCC_C_LANGUAGE_STANDARD = gnu11;
				GCC_DYNAMIC_NO_PIC = NO;
				GCC_NO_COMMON_BLOCKS = YES;
				GCC_OPTIMIZATION_LEVEL = 0;
				GCC_PREPROCESSOR_DEFINITIONS = (
					"DEBUG=1",
					"$(inherited)",
				);
				GCC_WARN_64_TO_32_BIT_CONVERSION = YES;
				GCC_WARN_ABOUT_RETURN_TYPE = YES_ERROR;
				GCC_WARN_UNDECLARED_SELECTOR = YES;
				GCC_WARN_UNINITIALIZED_AUTOS = YES_AGGRESSIVE;
				GCC_WARN_UNUSED_FUNCTION = YES;
				GCC_WARN_UNUSED_VARIABLE = YES;
				IPHONEOS_DEPLOYMENT_TARGET = 13.2;
				MTL_ENABLE_DEBUG_INFO = INCLUDE_SOURCE;
				MTL_FAST_MATH = YES;
				ONLY_ACTIVE_ARCH = YES;
				SDKROOT = iphoneos;
				SWIFT_ACTIVE_COMPILATION_CONDITIONS = DEBUG;
				SWIFT_OPTIMIZATION_LEVEL = "-Onone";
			};
			name = Debug;
		};
		0AFB9D022456E13300B9C1F0 /* Release */ = {
			isa = XCBuildConfiguration;
			buildSettings = {
				ALWAYS_SEARCH_USER_PATHS = NO;
				CLANG_ANALYZER_NONNULL = YES;
				CLANG_ANALYZER_NUMBER_OBJECT_CONVERSION = YES_AGGRESSIVE;
				CLANG_CXX_LANGUAGE_STANDARD = "gnu++14";
				CLANG_CXX_LIBRARY = "libc++";
				CLANG_ENABLE_MODULES = YES;
				CLANG_ENABLE_OBJC_ARC = YES;
				CLANG_ENABLE_OBJC_WEAK = YES;
				CLANG_WARN_BLOCK_CAPTURE_AUTORELEASING = YES;
				CLANG_WARN_BOOL_CONVERSION = YES;
				CLANG_WARN_COMMA = YES;
				CLANG_WARN_CONSTANT_CONVERSION = YES;
				CLANG_WARN_DEPRECATED_OBJC_IMPLEMENTATIONS = YES;
				CLANG_WARN_DIRECT_OBJC_ISA_USAGE = YES_ERROR;
				CLANG_WARN_DOCUMENTATION_COMMENTS = YES;
				CLANG_WARN_EMPTY_BODY = YES;
				CLANG_WARN_ENUM_CONVERSION = YES;
				CLANG_WARN_INFINITE_RECURSION = YES;
				CLANG_WARN_INT_CONVERSION = YES;
				CLANG_WARN_NON_LITERAL_NULL_CONVERSION = YES;
				CLANG_WARN_OBJC_IMPLICIT_RETAIN_SELF = YES;
				CLANG_WARN_OBJC_LITERAL_CONVERSION = YES;
				CLANG_WARN_OBJC_ROOT_CLASS = YES_ERROR;
				CLANG_WARN_RANGE_LOOP_ANALYSIS = YES;
				CLANG_WARN_STRICT_PROTOTYPES = YES;
				CLANG_WARN_SUSPICIOUS_MOVE = YES;
				CLANG_WARN_UNGUARDED_AVAILABILITY = YES_AGGRESSIVE;
				CLANG_WARN_UNREACHABLE_CODE = YES;
				CLANG_WARN__DUPLICATE_METHOD_MATCH = YES;
				COPY_PHASE_STRIP = NO;
				DEBUG_INFORMATION_FORMAT = "dwarf-with-dsym";
				ENABLE_NS_ASSERTIONS = NO;
				ENABLE_STRICT_OBJC_MSGSEND = YES;
				GCC_C_LANGUAGE_STANDARD = gnu11;
				GCC_NO_COMMON_BLOCKS = YES;
				GCC_WARN_64_TO_32_BIT_CONVERSION = YES;
				GCC_WARN_ABOUT_RETURN_TYPE = YES_ERROR;
				GCC_WARN_UNDECLARED_SELECTOR = YES;
				GCC_WARN_UNINITIALIZED_AUTOS = YES_AGGRESSIVE;
				GCC_WARN_UNUSED_FUNCTION = YES;
				GCC_WARN_UNUSED_VARIABLE = YES;
				IPHONEOS_DEPLOYMENT_TARGET = 13.2;
				MTL_ENABLE_DEBUG_INFO = NO;
				MTL_FAST_MATH = YES;
				SDKROOT = iphoneos;
				SWIFT_COMPILATION_MODE = wholemodule;
				SWIFT_OPTIMIZATION_LEVEL = "-O";
				VALIDATE_PRODUCT = YES;
			};
			name = Release;
		};
		0AFB9D042456E13300B9C1F0 /* Debug */ = {
			isa = XCBuildConfiguration;
			buildSettings = {
				ASSETCATALOG_COMPILER_APPICON_NAME = AppIcon;
				CODE_SIGN_STYLE = Automatic;
				INFOPLIST_FILE = "Covid 19 Cases Lookup/Info.plist";
				IPHONEOS_DEPLOYMENT_TARGET = 13.0;
				LD_RUNPATH_SEARCH_PATHS = (
					"$(inherited)",
					"@executable_path/Frameworks",
				);
				PRODUCT_BUNDLE_IDENTIFIER = "com.lonelytrip.wordpress.Covid-19-Cases-Lookup";
				PRODUCT_NAME = "$(TARGET_NAME)";
				SWIFT_VERSION = 5.0;
				TARGETED_DEVICE_FAMILY = "1,2";
			};
			name = Debug;
		};
		0AFB9D052456E13300B9C1F0 /* Release */ = {
			isa = XCBuildConfiguration;
			buildSettings = {
				ASSETCATALOG_COMPILER_APPICON_NAME = AppIcon;
				CODE_SIGN_STYLE = Automatic;
				INFOPLIST_FILE = "Covid 19 Cases Lookup/Info.plist";
				IPHONEOS_DEPLOYMENT_TARGET = 13.0;
				LD_RUNPATH_SEARCH_PATHS = (
					"$(inherited)",
					"@executable_path/Frameworks",
				);
				PRODUCT_BUNDLE_IDENTIFIER = "com.lonelytrip.wordpress.Covid-19-Cases-Lookup";
				PRODUCT_NAME = "$(TARGET_NAME)";
				SWIFT_VERSION = 5.0;
				TARGETED_DEVICE_FAMILY = "1,2";
			};
			name = Release;
		};
		0AFB9D072456E13300B9C1F0 /* Debug */ = {
			isa = XCBuildConfiguration;
			buildSettings = {
				ALWAYS_EMBED_SWIFT_STANDARD_LIBRARIES = YES;
				BUNDLE_LOADER = "$(TEST_HOST)";
				CODE_SIGN_STYLE = Automatic;
				INFOPLIST_FILE = "Covid 19 Cases LookupTests/Info.plist";
				IPHONEOS_DEPLOYMENT_TARGET = 13.2;
				LD_RUNPATH_SEARCH_PATHS = (
					"$(inherited)",
					"@executable_path/Frameworks",
					"@loader_path/Frameworks",
				);
				PRODUCT_BUNDLE_IDENTIFIER = "com.lonelytrip.wordpress.Covid-19-Cases-LookupTests";
				PRODUCT_NAME = "$(TARGET_NAME)";
				SWIFT_VERSION = 5.0;
				TARGETED_DEVICE_FAMILY = "1,2";
				TEST_HOST = "$(BUILT_PRODUCTS_DIR)/Covid 19 Cases Lookup.app/Covid 19 Cases Lookup";
			};
			name = Debug;
		};
		0AFB9D082456E13300B9C1F0 /* Release */ = {
			isa = XCBuildConfiguration;
			buildSettings = {
				ALWAYS_EMBED_SWIFT_STANDARD_LIBRARIES = YES;
				BUNDLE_LOADER = "$(TEST_HOST)";
				CODE_SIGN_STYLE = Automatic;
				INFOPLIST_FILE = "Covid 19 Cases LookupTests/Info.plist";
				IPHONEOS_DEPLOYMENT_TARGET = 13.2;
				LD_RUNPATH_SEARCH_PATHS = (
					"$(inherited)",
					"@executable_path/Frameworks",
					"@loader_path/Frameworks",
				);
				PRODUCT_BUNDLE_IDENTIFIER = "com.lonelytrip.wordpress.Covid-19-Cases-LookupTests";
				PRODUCT_NAME = "$(TARGET_NAME)";
				SWIFT_VERSION = 5.0;
				TARGETED_DEVICE_FAMILY = "1,2";
				TEST_HOST = "$(BUILT_PRODUCTS_DIR)/Covid 19 Cases Lookup.app/Covid 19 Cases Lookup";
			};
			name = Release;
		};
		0AFB9D0A2456E13300B9C1F0 /* Debug */ = {
			isa = XCBuildConfiguration;
			buildSettings = {
				ALWAYS_EMBED_SWIFT_STANDARD_LIBRARIES = YES;
				CODE_SIGN_STYLE = Automatic;
				INFOPLIST_FILE = "Covid 19 Cases LookupUITests/Info.plist";
				LD_RUNPATH_SEARCH_PATHS = (
					"$(inherited)",
					"@executable_path/Frameworks",
					"@loader_path/Frameworks",
				);
				PRODUCT_BUNDLE_IDENTIFIER = "com.lonelytrip.wordpress.Covid-19-Cases-LookupUITests";
				PRODUCT_NAME = "$(TARGET_NAME)";
				SWIFT_VERSION = 5.0;
				TARGETED_DEVICE_FAMILY = "1,2";
				TEST_TARGET_NAME = "Covid 19 Cases Lookup";
			};
			name = Debug;
		};
		0AFB9D0B2456E13300B9C1F0 /* Release */ = {
			isa = XCBuildConfiguration;
			buildSettings = {
				ALWAYS_EMBED_SWIFT_STANDARD_LIBRARIES = YES;
				CODE_SIGN_STYLE = Automatic;
				INFOPLIST_FILE = "Covid 19 Cases LookupUITests/Info.plist";
				LD_RUNPATH_SEARCH_PATHS = (
					"$(inherited)",
					"@executable_path/Frameworks",
					"@loader_path/Frameworks",
				);
				PRODUCT_BUNDLE_IDENTIFIER = "com.lonelytrip.wordpress.Covid-19-Cases-LookupUITests";
				PRODUCT_NAME = "$(TARGET_NAME)";
				SWIFT_VERSION = 5.0;
				TARGETED_DEVICE_FAMILY = "1,2";
				TEST_TARGET_NAME = "Covid 19 Cases Lookup";
			};
			name = Release;
		};
/* End XCBuildConfiguration section */

/* Begin XCConfigurationList section */
		0AFB9CD42456E13000B9C1F0 /* Build configuration list for PBXProject "Covid 19 Cases Lookup" */ = {
			isa = XCConfigurationList;
			buildConfigurations = (
				0AFB9D012456E13300B9C1F0 /* Debug */,
				0AFB9D022456E13300B9C1F0 /* Release */,
			);
			defaultConfigurationIsVisible = 0;
			defaultConfigurationName = Release;
		};
		0AFB9D032456E13300B9C1F0 /* Build configuration list for PBXNativeTarget "Covid 19 Cases Lookup" */ = {
			isa = XCConfigurationList;
			buildConfigurations = (
				0AFB9D042456E13300B9C1F0 /* Debug */,
				0AFB9D052456E13300B9C1F0 /* Release */,
			);
			defaultConfigurationIsVisible = 0;
			defaultConfigurationName = Release;
		};
		0AFB9D062456E13300B9C1F0 /* Build configuration list for PBXNativeTarget "Covid 19 Cases LookupTests" */ = {
			isa = XCConfigurationList;
			buildConfigurations = (
				0AFB9D072456E13300B9C1F0 /* Debug */,
				0AFB9D082456E13300B9C1F0 /* Release */,
			);
			defaultConfigurationIsVisible = 0;
			defaultConfigurationName = Release;
		};
		0AFB9D092456E13300B9C1F0 /* Build configuration list for PBXNativeTarget "Covid 19 Cases LookupUITests" */ = {
			isa = XCConfigurationList;
			buildConfigurations = (
				0AFB9D0A2456E13300B9C1F0 /* Debug */,
				0AFB9D0B2456E13300B9C1F0 /* Release */,
			);
			defaultConfigurationIsVisible = 0;
			defaultConfigurationName = Release;
		};
/* End XCConfigurationList section */
	};
	rootObject = 0AFB9CD12456E13000B9C1F0 /* Project object */;
}
